
Microsoft Visual Studio Solution File, Format Version 12.00
# Visual Studio Version 17
VisualStudioVersion = 17.0.31903.59
MinimumVisualStudioVersion = 10.0.40219.1
Project("{2150E333-8FDC-42A3-9474-1A3956D46DE8}") = "src", "src", "{827E0CD3-B72D-47B6-A68D-7590B98EB39B}"
EndProject
Project("{FAE04EC0-301F-11D3-BF4B-00C04F79EFBC}") = "DeadVault.Store", "src\DeadVault.Store\DeadVault.Store.csproj", "{9415A1E3-E126-4545-AB07-0CC62B7BC9A3}"
EndProject
Project("{FAE04EC0-301F-11D3-BF4B-00C04F79EFBC}") = "DeadVault.Core", "src\DeadVault.Core\DeadVault.Core.csproj", "{5361C77E-9E0A-49F4-B53E-640AF394C0E3}"
EndProject
Project("{FAE04EC0-301F-11D3-BF4B-00C04F79EFBC}") = "DeadVault.Agent", "src\DeadVault.Agent\DeadVault.Agent.csproj", "{B6C40965-036B-4CDF-8046-8ED0879568FC}"
EndProject
Project("{FAE04EC0-301F-11D3-BF4B-00C04F79EFBC}") = "DeadVault.UI", "src\DeadVault.UI\DeadVault.UI.csproj", "{F18EB195-7771-4742-B2ED-F0DD657946F3}"
EndProject
Project("{FAE04EC0-301F-11D3-BF4B-00C04F79EFBC}") = "DeadVault.McpServer", "src\DeadVault.McpServer\DeadVault.McpServer.csproj", "{5E16BFF8-6219-47FB-8331-D389F44BD3A0}"
EndProject
Project("{2150E333-8FDC-42A3-9474-1A3956D46DE8}") = "tests", "tests", "{0AB3BF05-4346-4AA6-1389-037BE0695223}"
EndProject
Project("{FAE04EC0-301F-11D3-BF4B-00C04F79EFBC}") = "DeadVault.Tests", "tests\DeadVault.Tests\DeadVault.Tests.csproj", "{0DF099F2-37F2-4126-B6B6-1332BAA4186D}"
EndProject
Global
	GlobalSection(SolutionConfigurationPlatforms) = preSolution
		Debug|Any CPU = Debug|Any CPU
		Debug|x64 = Debug|x64
		Debug|x86 = Debug|x86
		Release|Any CPU = Release|Any CPU
		Release|x64 = Release|x64
		Release|x86 = Release|x86
	EndGlobalSection
	GlobalSection(ProjectConfigurationPlatforms) = postSolution
		{9415A1E3-E126-4545-AB07-0CC62B7BC9A3}.Debug|Any CPU.ActiveCfg = Debug|Any CPU
		{9415A1E3-E126-4545-AB07-0CC62B7BC9A3}.Debug|Any CPU.Build.0 = Debug|Any CPU
		{9415A1E3-E126-4545-AB07-0CC62B7BC9A3}.Debug|x64.ActiveCfg = Debug|Any CPU
		{9415A1E3-E126-4545-AB07-0CC62B7BC9A3}.Debug|x64.Build.0 = Debug|Any CPU
		{9415A1E3-E126-4545-AB07-0CC62B7BC9A3}.Debug|x86.ActiveCfg = Debug|Any CPU
		{9415A1E3-E126-4545-AB07-0CC62B7BC9A3}.Debug|x86.Build.0 = Debug|Any CPU
		{9415A1E3-E126-4545-AB07-0CC62B7BC9A3}.Release|Any CPU.ActiveCfg = Release|Any CPU
		{9415A1E3-E126-4545-AB07-0CC62B7BC9A3}.Release|Any CPU.Build.0 = Release|Any CPU
		{9415A1E3-E126-4545-AB07-0CC62B7BC9A3}.Release|x64.ActiveCfg = Release|Any CPU
		{9415A1E3-E126-4545-AB07-0CC62B7BC9A3}.Release|x64.Build.0 = Release|Any CPU
		{9415A1E3-E126-4545-AB07-0CC62B7BC9A3}.Release|x86.ActiveCfg = Release|Any CPU
		{9415A1E3-E126-4545-AB07-0CC62B7BC9A3}.Release|x86.Build.0 = Release|Any CPU
		{5361C77E-9E0A-49F4-B53E-640AF394C0E3}.Debug|Any CPU.ActiveCfg = Debug|Any CPU
		{5361C77E-9E0A-49F4-B53E-640AF394C0E3}.Debug|Any CPU.Build.0 = Debug|Any CPU
		{5361C77E-9E0A-49F4-B53E-640AF394C0E3}.Debug|x64.ActiveCfg = Debug|Any CPU
		{5361C77E-9E0A-49F4-B53E-640AF394C0E3}.Debug|x64.Build.0 = Debug|Any CPU
		{5361C77E-9E0A-49F4-B53E-640AF394C0E3}.Debug|x86.ActiveCfg = Debug|Any CPU
		{5361C77E-9E0A-49F4-B53E-640AF394C0E3}.Debug|x86.Build.0 = Debug|Any CPU
		{5361C77E-9E0A-49F4-B53E-640AF394C0E3}.Release|Any CPU.ActiveCfg = Release|Any CPU
		{5361C77E-9E0A-49F4-B53E-640AF394C0E3}.Release|Any CPU.Build.0 = Release|Any CPU
		{5361C77E-9E0A-49F4-B53E-640AF394C0E3}.Release|x64.ActiveCfg = Release|Any CPU
		{5361C77E-9E0A-49F4-B53E-640AF394C0E3}.Release|x64.Build.0 = Release|Any CPU
		{5361C77E-9E0A-49F4-B53E-640AF394C0E3}.Release|x86.ActiveCfg = Release|Any CPU
		{5361C77E-9E0A-49F4-B53E-640AF394C0E3}.Release|x86.Build.0 = Release|Any CPU
		{B6C40965-036B-4CDF-8046-8ED0879568FC}.Debug|Any CPU.ActiveCfg = Debug|Any CPU
		{B6C40965-036B-4CDF-8046-8ED0879568FC}.Debug|Any CPU.Build.0 = Debug|Any CPU
		{B6C40965-036B-4CDF-8046-8ED0879568FC}.Debug|x64.ActiveCfg = Debug|Any CPU
		{B6C40965-036B-4CDF-8046-8ED0879568FC}.Debug|x64.Build.0 = Debug|Any CPU
		{B6C40965-036B-4CDF-8046-8ED0879568FC}.Debug|x86.ActiveCfg = Debug|Any CPU
		{B6C40965-036B-4CDF-8046-8ED0879568FC}.Debug|x86.Build.0 = Debug|Any CPU
		{B6C40965-036B-4CDF-8046-8ED0879568FC}.Release|Any CPU.ActiveCfg = Release|Any CPU
		{B6C40965-036B-4CDF-8046-8ED0879568FC}.Release|Any CPU.Build.0 = Release|Any CPU
		{B6C40965-036B-4CDF-8046-8ED0879568FC}.Release|x64.ActiveCfg = Release|Any CPU
		{B6C40965-036B-4CDF-8046-8ED0879568FC}.Release|x64.Build.0 = Release|Any CPU
		{B6C40965-036B-4CDF-8046-8ED0879568FC}.Release|x86.ActiveCfg = Release|Any CPU
		{B6C40965-036B-4CDF-8046-8ED0879568FC}.Release|x86.Build.0 = Release|Any CPU
		{F18EB195-7771-4742-B2ED-F0DD657946F3}.Debug|Any CPU.ActiveCfg = Debug|Any CPU
		{F18EB195-7771-4742-B2ED-F0DD657946F3}.Debug|Any CPU.Build.0 = Debug|Any CPU
		{F18EB195-7771-4742-B2ED-F0DD657946F3}.Debug|x64.ActiveCfg = Debug|Any CPU
		{F18EB195-7771-4742-B2ED-F0DD657946F3}.Debug|x64.Build.0 = Debug|Any CPU
		{F18EB195-7771-4742-B2ED-F0DD657946F3}.Debug|x86.ActiveCfg = Debug|Any CPU
		{F18EB195-7771-4742-B2ED-F0DD657946F3}.Debug|x86.Build.0 = Debug|Any CPU
		{F18EB195-7771-4742-B2ED-F0DD657946F3}.Release|Any CPU.ActiveCfg = Release|Any CPU
		{F18EB195-7771-4742-B2ED-F0DD657946F3}.Release|Any CPU.Build.0 = Release|Any CPU
		{F18EB195-7771-4742-B2ED-F0DD657946F3}.Release|x64.ActiveCfg = Release|Any CPU
		{F18EB195-7771-4742-B2ED-F0DD657946F3}.Release|x64.Build.0 = Release|Any CPU
		{F18EB195-7771-4742-B2ED-F0DD657946F3}.Release|x86.ActiveCfg = Release|Any CPU
		{F18EB195-7771-4742-B2ED-F0DD657946F3}.Release|x86.Build.0 = Release|Any CPU
		{5E16BFF8-6219-47FB-8331-D389F44BD3A0}.Debug|Any CPU.ActiveCfg = Debug|Any CPU
		{5E16BFF8-6219-47FB-8331-D389F44BD3A0}.Debug|Any CPU.Build.0 = Debug|Any CPU
		{5E16BFF8-6219-47FB-8331-D389F44BD3A0}.Debug|x64.ActiveCfg = Debug|Any CPU
		{5E16BFF8-6219-47FB-8331-D389F44BD3A0}.Debug|x64.Build.0 = Debug|Any CPU
		{5E16BFF8-6219-47FB-8331-D389F44BD3A0}.Debug|x86.ActiveCfg = Debug|Any CPU
		{5E16BFF8-6219-47FB-8331-D389F44BD3A0}.Debug|x86.Build.0 = Debug|Any CPU
		{5E16BFF8-6219-47FB-8331-D389F44BD3A0}.Release|Any CPU.ActiveCfg = Release|Any CPU
		{5E16BFF8-6219-47FB-8331-D389F44BD3A0}.Release|Any CPU.Build.0 = Release|Any CPU
		{5E16BFF8-6219-47FB-8331-D389F44BD3A0}.Release|x64.ActiveCfg = Release|Any CPU
		{5E16BFF8-6219-47FB-8331-D389F44BD3A0}.Release|x64.Build.0 = Release|Any CPU
		{5E16BFF8-6219-47FB-8331-D389F44BD3A0}.Release|x86.ActiveCfg = Release|Any CPU
		{5E16BFF8-6219-47FB-8331-D389F44BD3A0}.Release|x86.Build.0 = Release|Any CPU
		{0DF099F2-37F2-4126-B6B6-1332BAA4186D}.Debug|Any CPU.ActiveCfg = Debug|Any CPU
		{0DF099F2-37F2-4126-B6B6-1332BAA4186D}.Debug|Any CPU.Build.0 = Debug|Any CPU
		{0DF099F2-37F2-4126-B6B6-1332BAA4186D}.Debug|x64.ActiveCfg = Debug|Any CPU
		{0DF099F2-37F2-4126-B6B6-1332BAA4186D}.Debug|x64.Build.0 = Debug|Any CPU
		{0DF099F2-37F2-4126-B6B6-1332BAA4186D}.Debug|x86.ActiveCfg = Debug|Any CPU
		{0DF099F2-37F2-4126-B6B6-1332BAA4186D}.Debug|x86.Build.0 = Debug|Any CPU
		{0DF099F2-37F2-4126-B6B6-1332BAA4186D}.Release|Any CPU.ActiveCfg = Release|Any CPU
		{0DF099F2-37F2-4126-B6B6-1332BAA4186D}.Release|Any CPU.Build.0 = Release|Any CPU
		{0DF099F2-37F2-4126-B6B6-1332BAA4186D}.Release|x64.ActiveCfg = Release|Any CPU
		{0DF099F2-37F2-4126-B6B6-1332BAA4186D}.Release|x64.Build.0 = Release|Any CPU
		{0DF099F2-37F2-4126-B6B6-1332BAA4186D}.Release|x86.ActiveCfg = Release|Any CPU
		{0DF099F2-37F2-4126-B6B6-1332BAA4186D}.Release|x86.Build.0 = Release|Any CPU
	EndGlobalSection
	GlobalSection(SolutionProperties) = preSolution
		HideSolutionNode = FALSE
	EndGlobalSection
	GlobalSection(NestedProjects) = preSolution
		{9415A1E3-E126-4545-AB07-0CC62B7BC9A3} = {827E0CD3-B72D-47B6-A68D-7590B98EB39B}
		{5361C77E-9E0A-49F4-B53E-640AF394C0E3} = {827E0CD3-B72D-47B6-A68D-7590B98EB39B}
		{B6C40965-036B-4CDF-8046-8ED0879568FC} = {827E0CD3-B72D-47B6-A68D-7590B98EB39B}
		{F18EB195-7771-4742-B2ED-F0DD657946F3} = {827E0CD3-B72D-47B6-A68D-7590B98EB39B}
		{5E16BFF8-6219-47FB-8331-D389F44BD3A0} = {827E0CD3-B72D-47B6-A68D-7590B98EB39B}
		{0DF099F2-37F2-4126-B6B6-1332BAA4186D} = {0AB3BF05-4346-4AA6-1389-037BE0695223}
	EndGlobalSection
EndGlobal
